schema: '2.0'
stages:
  train:
    cmd: python3 deepl.py 50
    deps:
    - path: real-or-fake-fake-jobposting-prediction.zip
      md5: 720b87177496c52f028ec184935f8031
      size: 16868281
  evaluate:
    cmd: python3 evaluation.py
    deps:
    - path: model
      md5: 473ae2a6b46cacfab08a3708175f65a5
      size: 4012127
